# This file was autogenerated by uv via the following command:
#    uv export --frozen --project benchmarks/results/effect-preset-matrix-v5/replay-envs/python-3.11.16-mypy-1.19.1 --format requirements-txt --no-emit-project --no-emit-local --no-annotate --prune pytest --prune ruff --output-file /tmp/test-ast-runtime-image-build-20261010/requirements.lock
annotated-doc==0.0.5 \
    --hash=sha256:117bac03a25ede5df5440e855b32d556049ca169ead221505badf432fed4b101 \
    --hash=sha256:c7e58ce09192557605d8bbd92836d7e1d520ac9580096042c0bfd197efacf1bb
annotated-types==0.8.0 \
    --hash=sha256:13b2beaad985e05e2d6407ee4c4f35590b11f8d693a258a561055cac8f64cab7 \
    --hash=sha256:f072f4d804ea359e4eaf198b1af7a8b0943881a87f31bb764f8bf219bb9419e0
anyio==4.15.1 \
    --hash=sha256:6152fdbbf9a77fdec97731721bebf7c4c44f7c29b424b0065826173efc7ed101 \
    --hash=sha256:9f28306018cbd6d329e64a36d58256edff76dd996fe423bc957326e578b82a94
click==8.5.0 \
    --hash=sha256:255bc9599cf7748b4b1a446ccc735421bd08a2ae529a8b88597d3de5664ee360 \
    --hash=sha256:ba0d2089de75ea0310e2dde03160e6ca10009947fb95a182f9b54021bb272e34
fastapi==0.142.2 \
    --hash=sha256:06366626f2e70576367714d9ab2fe8472e6c8456dba69b399f9f797ab5e92570 \
    --hash=sha256:bd5f4d81f1e93a88bcd77caf4dfe3c2dbffc3805407a0007e9a114c18b3a670b
idna==3.20 \
    --hash=sha256:a7db850025b95ded1eae8a46181a1a6c56c92c96f0e2b005d9ff8dc0210cab44 \
    --hash=sha256:ab7ae7122974553370f0bdb919e1a960b2cd1bc1ef0276416d896db81c14582c
librt==0.16.0 \
    --hash=sha256:001bfd59a7d45b17e3e75f2a8c6405280b35e7b84471792778e718c4f368950e \
    --hash=sha256:0dbe4096a7ecc00fa835d24510ad8545a4efef738dac96e0e63516783ccde905 \
    --hash=sha256:1d28ae980ae2218f9c5b95d191e947296f918c9bf0b400d467a9430275bbe678 \
    --hash=sha256:28e038895b998d7a0c7798922ce8a1dc157675df5cf1c9ef0aca809ed804b7a1 \
    --hash=sha256:349c0bcb87ebd07481b6ff781e25cdc699723dbe2212e57dabb27f7a13b7b87d \
    --hash=sha256:3ddeb3c9dedb461bb457c6c7d9aa7fbf35329da313d1a7543d00c8d0f3473c96 \
    --hash=sha256:5cd5b092441053364af968ea12084692cb9d4a22f3ce9524e377880bf028761e \
    --hash=sha256:5f49cff01bd608ef7d97104cb035c75455e79c2d70bf4a506cf773338ac1860d \
    --hash=sha256:94aed6a8308818b91677957d1bd03188869cd7aeb23c5dba7912a6c0402f7602 \
    --hash=sha256:ac38d6d8d66bf3d744148dbbc0b8e193e195a51e364ed55e224631f5721891fc \
    --hash=sha256:be56ba9c884143495b517f23fe794ae367d58cd89ea0fdd6d437e3c024a87f9f \
    --hash=sha256:c72c5295a84bd249526da9bdca38f2e176d15c31c13bb0063c5053f4ca023421 \
    --hash=sha256:d3c94211ee0c4f8d649ec06b7c115c0ec4eadb873a0e3154ca15cef3f814b071 \
    --hash=sha256:e05108e0849966f53a8d2d3112a7af881d0efaa479bc735bba91108f9f2350a7 \
    --hash=sha256:ef46c1a29ffb8c72e882e22618ec618778eacd0578fb22c6e7cf9c11d15f357b \
    --hash=sha256:fe4372c52d4849096c6cc1cda2817d293ec51440c890474ed59ef38d46556f18
markdown-it-py==4.2.0 \
    --hash=sha256:04a21681d6fbb623de53f6f364d352309d4094dd4194040a10fd51833e418d49 \
    --hash=sha256:9f7ebbcd14fe59494226453aed97c1070d83f8d24b6fc3a3bcf9a38092641c4a
mdurl==0.1.2 \
    --hash=sha256:84008a41e51615a49fc9966191ff91509e3c40b939176e643fd50a5c2196b8f8 \
    --hash=sha256:bb413d29f5eea38f31dd4754dd7377d4465116fb207585f97bf925588687c1ba
mypy==1.19.1 \
    --hash=sha256:19d88bb05303fe63f71dd2c6270daca27cb9401c4ca8255fe50d1d920e0eb9ba \
    --hash=sha256:2abb24cf3f17864770d18d673c85235ba52456b36a06b6afc1e07c1fdcd3d0e6 \
    --hash=sha256:4b84a7a18f41e167f7995200a1d07a4a6810e89d29859df936f1c3923d263042 \
    --hash=sha256:a009ffa5a621762d0c926a078c2d639104becab69e79538a494bcccb62cc0331 \
    --hash=sha256:d8dfc6ab58ca7dda47d9237349157500468e404b17213d44fc1cb77bce532288 \
    --hash=sha256:e3f276d8493c3c97930e354b2595a44a21348b320d859fb4a2b9f66da9ed27ab \
    --hash=sha256:f1235f5ea01b7db5468d53ece6aaddf1ad0b88d9e7462b86ef96fe04995d7247 \
    --hash=sha256:f7cee03c9a2e2ee26ec07479f38ea9c884e301d42c6d43a19d20fb014e3ba925
mypy-extensions==1.1.0 \
    --hash=sha256:1be4cccdb0f2482337c4743e60421de3a356cd97508abadd57d47403e94f5505 \
    --hash=sha256:52e68efc3284861e772bbcd66823fde5ae21fd2fdb51c62a211403730b916558
opentelemetry-api==1.45.0 \
    --hash=sha256:711ede81773c8025c2c03dac0450bc89f3d30aea6eabcc815c570d4e35a963f7 \
    --hash=sha256:80e068aba7cd56c8b58512d6a36f8d25cb1dfaa0c0a4cc1c938ccf9f362d9cb3
pathspec==1.1.1 \
    --hash=sha256:17db5ecd524104a120e173814c90367a96a98d07c45b2e10c2f3919fff91bf5a \
    --hash=sha256:a00ce642f577bf7f473932318056212bc4f8bfdf53128c78bbd5af0b9b20b189
pydantic==2.13.5 \
    --hash=sha256:346a034f080da3755d8e9cb5e00e8b07de1d39e4f6e2c87d8ab7cafa0b269a73 \
    --hash=sha256:51a9c5f7b2f8e636f04c6cada605d9b6a3bf1348fdf945a3d8869b19bba0ee08
pydantic-core==2.46.5 \
    --hash=sha256:0bddb4020d8f04175865ccd17eff3040874fc11fb593f424edb452653b4b947c \
    --hash=sha256:10416c15b8839ecc4ef4d0885da76da6fd0f67333a0eb8aff6d93c4b8f2910fc \
    --hash=sha256:1e449def1945a462c464331254e5a44fca7c3b4f9aedf59ec2f50f8066dd8e25 \
    --hash=sha256:2471fd51c61c610e1dcf7de44d7299283661654d11264ab4802b303368d69c47 \
    --hash=sha256:28a6a556cd3b6066bea827857f9d9cce027c96f776e512f544a581f9e42161f8 \
    --hash=sha256:2d330aaba8621b1edcec8ae2c4050f63b84ccf6d98723a8f212e9684713abf0e \
    --hash=sha256:337639ba62a11acde6ef3aeb08c8ea755f8ef1fe5e513356c0f36a2b0d7568b0 \
    --hash=sha256:40375c2d05acec10323e45dfe2077ac44bc74659008614af5069034e2cfc781c \
    --hash=sha256:413a717a410d0c817ef5b786a059415550b3794e1d0c2abffd9efb93a3d9f7b4 \
    --hash=sha256:49776eab08766a08dfff7012f8b422dcd7e25e43b316eedf0477c24fcfa84b7c \
    --hash=sha256:4f8507560a9284e1370bb048ed4282012fbef4e8d109875b95e884d228552061 \
    --hash=sha256:53feb344243bb9510a9dec7bf3cf1b64d88a98af5dc7872a5160465f8b198c8e \
    --hash=sha256:5f93c5fe914d75fbec9a49209b00da5f08e9e467d69da2b1510c81940cfd10be \
    --hash=sha256:701b2e04b560eeb4bddf7a25ab8ca476176e34fdbd9a0e18196f0d12d4685f0b \
    --hash=sha256:892a881d5f68c2b9ea304b7a6c2c60d9343df578a311b0f86b94bc8f1ffe8129 \
    --hash=sha256:8feeac04b5794e513e710af2f9c87d49f31a6dc47967bb264a1fed61a8989bec \
    --hash=sha256:9432f3598db432cb51c5b37fdbf29a60fcccc79e30d37a05022776a6bc4ab689 \
    --hash=sha256:a1dee1b804ff4d11c663636cf15d2ea47e9f79cd56c033fb1cbf08924842a48f \
    --hash=sha256:a2468d93d181667a7abd66e1b64bb9f76f361b0fef8faddf687456453576f5ee \
    --hash=sha256:a445486499897b88a7d6c310c88ed64dd37b1b59bfd7ae9107490bbb362f47d6 \
    --hash=sha256:ab4b66edffb32d9e951efb3814bd104b8367a7501b81b955cacb5726d897389f \
    --hash=sha256:aca6c767f552b21b10f774aeac128e828eafb796adfa1b666a18bf6321453c3a \
    --hash=sha256:b10ec717381bdbfafef34607824db4c91de69ff085e4fca3b2af91b4fa17e68a \
    --hash=sha256:b6acfb46a814762367fb7ba0828b0a17d441b92ce249a0e007474c9072662dda \
    --hash=sha256:c14ad3bdc85ee7f318742c457ca3968a92126d144b15721c759033bfb06296c2 \
    --hash=sha256:cd5214352ae68f3b5e9af7768bdc5253695ee069675db3480518420b3be881f2 \
    --hash=sha256:d0a24b40877af2de4950252be9d21eaf7fb07660f3c2cae1f56c6b599ada5266 \
    --hash=sha256:d625a186a65201c23a9e3b8ed9c47e90a026e03256608cc91851c6709096844f
pygments==2.21.0 \
    --hash=sha256:2363c69b61c4a97c838da3b130dcd6468f4848992b21a82f2a63ec34377137d9 \
    --hash=sha256:610ca751c9bc2492b38eb9a38a7fbc93edbbb2d7182edaf34e66ae493dee5c8c
pyyaml==6.0.3 \
    --hash=sha256:10892704fc220243f5305762e276552a0395f7beb4dbf9b14ec8fd43b57f126c \
    --hash=sha256:1d37d57ad971609cf3c53ba6a7e365e40660e3be0e5175fa9f2365a379d6095a \
    --hash=sha256:37503bfbfc9d2c40b344d06b2199cf0e96e97957ab1c1b546fd4f87e53e5d3e4 \
    --hash=sha256:44edc647873928551a01e7a563d7452ccdebee747728c1080d881d68af7b997e \
    --hash=sha256:652cb6edd41e718550aad172851962662ff2681490a8a711af6a4d288dd96824 \
    --hash=sha256:8098f252adfa6c80ab48096053f512f2321f0b998f98150cea9bd23d83e1467b \
    --hash=sha256:850774a7879607d3a6f50d36d04f00ee69e7fc816450e5f7e58d7f17f1ae5c00 \
    --hash=sha256:9f3bfb4965eb874431221a3ff3fdcddc7e74e3b07799e0e84ca4a0f867d449bf \
    --hash=sha256:b8bb0864c5a28024fac8a632c443c87c5aa6f215c0b126c449ae1a150412f31d \
    --hash=sha256:d76623373421df22fb4cf8817020cbb7ef15c725b9d5e45f17e189bfc384190f
rich==15.0.0 \
    --hash=sha256:33bd4ef74232fb73fe9279a257718407f169c09b78a87ad3d296f548e27de0bb \
    --hash=sha256:edd07a4824c6b40189fb7ac9bc4c52536e9780fbbfbddf6f1e2502c31b068c36
starlette==1.7.0 \
    --hash=sha256:67f8e99895493dd2911a03f11314af6ceebeae4e704bb9f43dfc6a9db151c93e \
    --hash=sha256:c79f74ea63cff761804fbbfb182f1e0b440c2d07b164d24700c5a1bab5d6ff5d
typing-extensions==4.16.0 \
    --hash=sha256:481caa481374e813c1b176ada14e97f1f67a4539ce9cfeb3f350d78d6370c2e8 \
    --hash=sha256:dc983d19a509c94dba722ee6abd33940f7c05a89e243c47e907eb4db6f1a43e5
typing-inspection==0.4.4 \
    --hash=sha256:547274fa6b0a561ccf549cc9524b999a578e737d015d8709d021f9d0d13bea47 \
    --hash=sha256:65b8397ba37ccbce054456aaccddfc91e6e3083c92824df348d96ca832f3f147
unidiff==1.0.1 \
    --hash=sha256:5e2ca461eda8a4c761ad0922e3e8a65742f359dc60301a3a055b70fd7c158680 \
    --hash=sha256:d9425bc516390c54743a1045b2c1c97f02d245a913a241dd499f958adb2df998
